
Microsoft Visual Studio Solution File, Format Version 12.00
# Visual Studio Version 17
VisualStudioVersion = 17.7.34003.232
MinimumVisualStudioVersion = 10.0.40219.1
Project("{FAE04EC0-301F-11D3-BF4B-00C04F79EFBC}") = "BT139", "BT139.csproj", "{4A29249D-A92C-45F9-9BF2-035B6D2C15F3}"
EndProject
Global
	GlobalSection(SolutionConfigurationPlatforms) = preSolution
		Debug|Any CPU = Debug|Any CPU
		Release|Any CPU = Release|Any CPU
	EndGlobalSection
	GlobalSection(ProjectConfigurationPlatforms) = postSolution
		{4A29249D-A92C-45F9-9BF2-035B6D2C15F3}.Debug|Any CPU.ActiveCfg = Debug|Any CPU
		{4A29249D-A92C-45F9-9BF2-035B6D2C15F3}.Debug|Any CPU.Build.0 = Debug|Any CPU
		{4A29249D-A92C-45F9-9BF2-035B6D2C15F3}.Release|Any CPU.ActiveCfg = Release|Any CPU
		{4A29249D-A92C-45F9-9BF2-035B6D2C15F3}.Release|Any CPU.Build.0 = Release|Any CPU
	EndGlobalSection
	GlobalSection(SolutionProperties) = preSolution
		HideSolutionNode = FALSE
	EndGlobalSection
	GlobalSection(ExtensibilityGlobals) = postSolution
		SolutionGuid = {C03B00D6-D025-42CF-AEDE-B0D0E58E266C}
	EndGlobalSection
EndGlobal
